
Microsoft Visual Studio Solution File, Format Version 10.00
# Visual Studio 2008
Project("{FAE04EC0-301F-11D3-BF4B-00C04F79EFBC}") = "SW.SDK", "SW.SDK.20\SW.SDK.csproj", "{8427B624-DB48-4D0C-BA83-41010CC2544F}"
EndProject
Project("{FAE04EC0-301F-11D3-BF4B-00C04F79EFBC}") = "UT_SWSDK20", "UT_SWSDK20\UT_SWSDK20.csproj", "{D58B3D1C-66E6-443D-AF51-0C2B34BB9DA3}"
EndProject
Project("{2150E333-8FDC-42A3-9474-1A3956D46DE8}") = "Solution Items", "Solution Items", "{38E220F9-D56B-491A-8279-B91807E891B3}"
	ProjectSection(SolutionItems) = preProject
		LocalTestRun.testrunconfig = LocalTestRun.testrunconfig
		SW.SDK.20.vsmdi = SW.SDK.20.vsmdi
	EndProjectSection
EndProject
Global
	GlobalSection(TestCaseManagementSettings) = postSolution
		CategoryFile = SW.SDK.20.vsmdi
	EndGlobalSection
	GlobalSection(SolutionConfigurationPlatforms) = preSolution
		Debug|Any CPU = Debug|Any CPU
		Release|Any CPU = Release|Any CPU
	EndGlobalSection
	GlobalSection(ProjectConfigurationPlatforms) = postSolution
		{8427B624-DB48-4D0C-BA83-41010CC2544F}.Debug|Any CPU.ActiveCfg = Debug|Any CPU
		{8427B624-DB48-4D0C-BA83-41010CC2544F}.Debug|Any CPU.Build.0 = Debug|Any CPU
		{8427B624-DB48-4D0C-BA83-41010CC2544F}.Release|Any CPU.ActiveCfg = Release|Any CPU
		{8427B624-DB48-4D0C-BA83-41010CC2544F}.Release|Any CPU.Build.0 = Release|Any CPU
		{D58B3D1C-66E6-443D-AF51-0C2B34BB9DA3}.Debug|Any CPU.ActiveCfg = Debug|Any CPU
		{D58B3D1C-66E6-443D-AF51-0C2B34BB9DA3}.Debug|Any CPU.Build.0 = Debug|Any CPU
		{D58B3D1C-66E6-443D-AF51-0C2B34BB9DA3}.Release|Any CPU.ActiveCfg = Release|Any CPU
		{D58B3D1C-66E6-443D-AF51-0C2B34BB9DA3}.Release|Any CPU.Build.0 = Release|Any CPU
	EndGlobalSection
	GlobalSection(SolutionProperties) = preSolution
		HideSolutionNode = FALSE
	EndGlobalSection
EndGlobal
